
Microsoft Visual Studio Solution File, Format Version 12.00
# Visual Studio 15
VisualStudioVersion = 15.0.26730.16
MinimumVisualStudioVersion = 10.0.40219.1
Project("{FAE04EC0-301F-11D3-BF4B-00C04F79EFBC}") = "Lab4", "src\Lab4\Lab4.csproj", "{DBF6CB16-E017-490C-9C2B-4A1EB5C8FFD6}"
EndProject
Project("{2150E333-8FDC-42A3-9474-1A3956D46DE8}") = "src", "src", "{7D6222EF-318A-4667-9AAA-8EF7F17028BF}"
EndProject
Global
	GlobalSection(SolutionConfigurationPlatforms) = preSolution
		Debug|Any CPU = Debug|Any CPU
		Release|Any CPU = Release|Any CPU
	EndGlobalSection
	GlobalSection(ProjectConfigurationPlatforms) = postSolution
		{DBF6CB16-E017-490C-9C2B-4A1EB5C8FFD6}.Debug|Any CPU.ActiveCfg = Debug|Any CPU
		{DBF6CB16-E017-490C-9C2B-4A1EB5C8FFD6}.Debug|Any CPU.Build.0 = Debug|Any CPU
		{DBF6CB16-E017-490C-9C2B-4A1EB5C8FFD6}.Release|Any CPU.ActiveCfg = Release|Any CPU
		{DBF6CB16-E017-490C-9C2B-4A1EB5C8FFD6}.Release|Any CPU.Build.0 = Release|Any CPU
	EndGlobalSection
	GlobalSection(SolutionProperties) = preSolution
		HideSolutionNode = FALSE
	EndGlobalSection
	GlobalSection(NestedProjects) = preSolution
		{DBF6CB16-E017-490C-9C2B-4A1EB5C8FFD6} = {7D6222EF-318A-4667-9AAA-8EF7F17028BF}
	EndGlobalSection
	GlobalSection(ExtensibilityGlobals) = postSolution
		SolutionGuid = {F48C8BF7-2298-4ABD-A743-D89355F4E11F}
	EndGlobalSection
EndGlobal
